<?xml version="1.0" encoding="utf-8"?>
<Project ToolsVersion="4.0" xmlns="http://schemas.microsoft.com/developer/msbuild/2003">
  <ItemGroup>
    <Filter Include="Source Files">
      <UniqueIdentifier>{4FC737F1-C7A5-4376-A066-2A32D752A2FF}</UniqueIdentifier>
      <Extensions>cpp;c;cc;cxx;c++;cppm;ixx;def;odl;idl;hpj;bat;asm;asmx</Extensions>
    </Filter>
    <Filter Include="Header Files">
      <UniqueIdentifier>{93995380-89BD-4b04-88EB-625FBE52EBFB}</UniqueIdentifier>
      <Extensions>h;hh;hpp;hxx;h++;hm;inl;inc;ipp;xsd</Extensions>
    </Filter>
    <Filter Include="Resource Files">
      <UniqueIdentifier>{67DA6AB6-F800-4c08-8B7A-83BB121AAD01}</UniqueIdentifier>
      <Extensions>rc;ico;cur;bmp;dlg;rc2;rct;bin;rgs;gif;jpg;jpeg;jpe;resx;tiff;tif;png;wav;mfcribbon-ms</Extensions>
    </Filter>
    <Filter Include="Header Files\View">
      <UniqueIdentifier>{5f2ab9c5-3ef7-477c-9378-0c978a2d3569}</UniqueIdentifier>
    </Filter>
    <Filter Include="Source Files\View">
      <UniqueIdentifier>{8c59a7fb-1b61-42bd-bd66-2b9e11e56399}</UniqueIdentifier>
    </Filter>
    <Filter Include="Header Files\Controller">
      <UniqueIdentifier>{63e181fd-1b43-4185-9e35-d19e454c67ca}</UniqueIdentifier>
    </Filter>
    <Filter Include="Header Files\Model">
      <UniqueIdentifier>{11548f8e-1315-4a92-89ed-213ff9b27b08}</UniqueIdentifier>
    </Filter>
    <Filter Include="Source Files\Controller">
      <UniqueIdentifier>{cec380fe-c2e5-4f1e-8eff-e69380b0f9cb}</UniqueIdentifier>
    </Filter>
    <Filter Include="Source Files\Model">
      <UniqueIdentifier>{f55041ef-0c01-420f-9fa2-5a722e79b0bf}</UniqueIdentifier>
    </Filter>
  </ItemGroup>
  <ItemGroup>
    <ClInclude Include="resource.h">
      <Filter>Header Files</Filter>
    </ClInclude>
    <ClInclude Include="GUI.h">
      <Filter>Header Files</Filter>
    </ClInclude>
    <ClInclude Include="targetver.h">
      <Filter>Header Files</Filter>
    </ClInclude>
    <ClInclude Include="framework.h">
      <Filter>Header Files</Filter>
    </ClInclude>
    <ClInclude Include="MainController.h">
      <Filter>Header Files\Controller</Filter>
    </ClInclude>
    <ClInclude Include="PatchView.h">
      <Filter>Header Files\View</Filter>
    </ClInclude>
    <ClInclude Include="PatchController.h">
      <Filter>Header Files\Controller</Filter>
    </ClInclude>
    <ClInclude Include="IMainController.h">
      <Filter>Header Files\Controller</Filter>
    </ClInclude>
    <ClInclude Include="PacketLogModel.h">
      <Filter>Header Files\Model</Filter>
    </ClInclude>
    <ClInclude Include="Model.h">
      <Filter>Header Files\Model</Filter>
    </ClInclude>
    <ClInclude Include="MainView.h">
      <Filter>Header Files\View</Filter>
    </ClInclude>
    <ClInclude Include="FormatView.h">
      <Filter>Header Files\View</Filter>
    </ClInclude>
    <ClInclude Include="FormatController.h">
      <Filter>Header Files\Controller</Filter>
    </ClInclude>
    <ClInclude Include="PacketFormatModel.h">
      <Filter>Header Files\Model</Filter>
    </ClInclude>
    <ClInclude Include="BaseView.h">
      <Filter>Header Files\View</Filter>
    </ClInclude>
    <ClInclude Include="SettingView.h">
      <Filter>Header Files\View</Filter>
    </ClInclude>
    <ClInclude Include="SettingController.h">
      <Filter>Header Files\Controller</Filter>
    </ClInclude>
    <ClInclude Include="GenCodeView.h">
      <Filter>Header Files\View</Filter>
    </ClInclude>
    <ClInclude Include="IFormatController.h">
      <Filter>Header Files\Controller</Filter>
    </ClInclude>
    <ClInclude Include="resource_ids.h">
      <Filter>Header Files</Filter>
    </ClInclude>
    <ClInclude Include="SearchView.h">
      <Filter>Header Files\View</Filter>
    </ClInclude>
    <ClInclude Include="SearchController.h">
      <Filter>Header Files\Controller</Filter>
    </ClInclude>
    <ClInclude Include="ColumnStyle.h">
      <Filter>Header Files\View</Filter>
    </ClInclude>
    <ClInclude Include="Injector.h">
      <Filter>Header Files</Filter>
    </ClInclude>
    <ClInclude Include="GUIServer.h">
      <Filter>Header Files</Filter>
    </ClInclude>
    <ClInclude Include="ClientEndpoint.h">
      <Filter>Header Files\Model</Filter>
    </ClInclude>
    <ClInclude Include="JumpView.h">
      <Filter>Header Files\View</Filter>
    </ClInclude>
    <ClInclude Include="pch.h">
      <Filter>Header Files</Filter>
    </ClInclude>
  </ItemGroup>
  <ItemGroup>
    <ResourceCompile Include="GUI.rc">
      <Filter>Resource Files</Filter>
    </ResourceCompile>
  </ItemGroup>
  <ItemGroup>
    <Image Include="res\GUI.ico">
      <Filter>Resource Files</Filter>
    </Image>
  </ItemGroup>
  <ItemGroup>
    <ClCompile Include="GUI.cpp">
      <Filter>Source Files</Filter>
    </ClCompile>
    <ClCompile Include="MainController.cpp">
      <Filter>Source Files\Controller</Filter>
    </ClCompile>
    <ClCompile Include="PatchView.cpp">
      <Filter>Source Files\View</Filter>
    </ClCompile>
    <ClCompile Include="PatchController.cpp">
      <Filter>Source Files\Controller</Filter>
    </ClCompile>
    <ClCompile Include="MainView.cpp">
      <Filter>Source Files\View</Filter>
    </ClCompile>
    <ClCompile Include="FormatView.cpp">
      <Filter>Source Files\View</Filter>
    </ClCompile>
    <ClCompile Include="FormatController.cpp">
      <Filter>Source Files\Controller</Filter>
    </ClCompile>
    <ClCompile Include="PacketLogModel.cpp">
      <Filter>Source Files\Model</Filter>
    </ClCompile>
    <ClCompile Include="PacketFormatModel.cpp">
      <Filter>Source Files\Model</Filter>
    </ClCompile>
    <ClCompile Include="SettingView.cpp">
      <Filter>Source Files\View</Filter>
    </ClCompile>
    <ClCompile Include="BaseView.cpp">
      <Filter>Source Files\View</Filter>
    </ClCompile>
    <ClCompile Include="SettingController.cpp">
      <Filter>Source Files\Controller</Filter>
    </ClCompile>
    <ClCompile Include="GenCodeView.cpp">
      <Filter>Source Files\View</Filter>
    </ClCompile>
    <ClCompile Include="SearchView.cpp">
      <Filter>Source Files\View</Filter>
    </ClCompile>
    <ClCompile Include="SearchController.cpp">
      <Filter>Source Files\Controller</Filter>
    </ClCompile>
    <ClCompile Include="JumpView.cpp">
      <Filter>Source Files\View</Filter>
    </ClCompile>
    <ClCompile Include="Injector.cpp">
      <Filter>Source Files</Filter>
    </ClCompile>
    <ClCompile Include="GUIServer.cpp">
      <Filter>Source Files</Filter>
    </ClCompile>
    <ClCompile Include="pch.cpp">
      <Filter>Source Files</Filter>
    </ClCompile>
  </ItemGroup>
</Project>